
Microsoft Visual Studio Solution File, Format Version 12.00
# Visual Studio Version 17
VisualStudioVersion = 17.3.32825.248
MinimumVisualStudioVersion = 10.0.40219.1
Project("{9A19103F-16F7-4668-BE54-9A1E7A4F7556}") = "BankTransactions", "BankTransactions.csproj", "{53A9A12C-D20C-45C0-B3C4-5C360E5992B2}"
EndProject
Project("{2150E333-8FDC-42A3-9474-1A3956D46DE8}") = "Solution Items", "Solution Items", "{39C447F7-B062-406A-89E2-69CD09B0D885}"
	ProjectSection(SolutionItems) = preProject
		.editorconfig = .editorconfig
	EndProjectSection
EndProject
Global
	GlobalSection(SolutionConfigurationPlatforms) = preSolution
		Debug|Any CPU = Debug|Any CPU
		Release|Any CPU = Release|Any CPU
	EndGlobalSection
	GlobalSection(ProjectConfigurationPlatforms) = postSolution
		{53A9A12C-D20C-45C0-B3C4-5C360E5992B2}.Debug|Any CPU.ActiveCfg = Debug|Any CPU
		{53A9A12C-D20C-45C0-B3C4-5C360E5992B2}.Debug|Any CPU.Build.0 = Debug|Any CPU
		{53A9A12C-D20C-45C0-B3C4-5C360E5992B2}.Release|Any CPU.ActiveCfg = Release|Any CPU
		{53A9A12C-D20C-45C0-B3C4-5C360E5992B2}.Release|Any CPU.Build.0 = Release|Any CPU
	EndGlobalSection
	GlobalSection(SolutionProperties) = preSolution
		HideSolutionNode = FALSE
	EndGlobalSection
	GlobalSection(ExtensibilityGlobals) = postSolution
		SolutionGuid = {2707A2B7-CA99-41F6-8EDB-23588A520534}
	EndGlobalSection
EndGlobal
